PODS:
  - GoogleMaps (3.1.0):
    - GoogleMaps/Maps (= 3.1.0)
  - GoogleMaps/Base (3.1.0)
  - GoogleMaps/Maps (3.1.0):
    - GoogleMaps/Base
  - GooglePlaces (3.1.0):
    - GoogleMaps/Base (= 3.1.0)
  - SwiftGifOrigin (1.7.0)

DEPENDENCIES:
  - GoogleMaps
  - GooglePlaces
  - SwiftGifOrigin

SPEC REPOS:
  trunk:
    - GoogleMaps
    - GooglePlaces
    - SwiftGifOrigin

SPEC CHECKSUMS:
  GoogleMaps: 5c13302e6fe6bb6e686b267196586b91cd594225
  GooglePlaces: e874db179f2675c4f3eeda0b686b540273a578b0
  SwiftGifOrigin: fbd6cf37afcfcf97a5c3db996ddc0492e5c5c145

PODFILE CHECKSUM: 97ea44e1a127c47bd0172bb78b9d409a8338412f

COCOAPODS: 1.10.2
